// !$*UTF8*$!
{
	archiveVersion = 1;
	classes = {
	};
	objectVersion = 50;
	objects = {

/* Begin PBXBuildFile section */
		565AFA74247B4C5F00FF5323 /* Assets.xcassets in Resources */ = {isa = PBXBuildFile; fileRef = 565AFA73247B4C5F00FF5323 /* Assets.xcassets */; };
		565AFA7A247B4C5F00FF5323 /* main.m in Sources */ = {isa = PBXBuildFile; fileRef = 565AFA79247B4C5F00FF5323 /* main.m */; };
		565AFA85247B4C5F00FF5323 /* TFY_MacModellFactoryTests.m in Sources */ = {isa = PBXBuildFile; fileRef = 565AFA84247B4C5F00FF5323 /* TFY_MacModellFactoryTests.m */; };
		565AFA90247B4C5F00FF5323 /* TFY_MacModellFactoryUITests.m in Sources */ = {isa = PBXBuildFile; fileRef = 565AFA8F247B4C5F00FF5323 /* TFY_MacModellFactoryUITests.m */; };
		565AFA9E247B4CA000FF5323 /* Main.storyboard in Resources */ = {isa = PBXBuildFile; fileRef = 565AFA9D247B4CA000FF5323 /* Main.storyboard */; };
		565AFAAA247B4D1C00FF5323 /* AppDelegate.m in Sources */ = {isa = PBXBuildFile; fileRef = 565AFAA1247B4D1C00FF5323 /* AppDelegate.m */; };
		565AFAAB247B4D1C00FF5323 /* ViewController.m in Sources */ = {isa = PBXBuildFile; fileRef = 565AFAA3247B4D1C00FF5323 /* ViewController.m */; };
		565AFAAC247B4D1C00FF5323 /* NSString+methods.m in Sources */ = {isa = PBXBuildFile; fileRef = 565AFAA6247B4D1C00FF5323 /* NSString+methods.m */; };
		565AFAAD247B4D1C00FF5323 /* TFY_CodeBuilder.m in Sources */ = {isa = PBXBuildFile; fileRef = 565AFAA7247B4D1C00FF5323 /* TFY_CodeBuilder.m */; };
/* End PBXBuildFile section */

/* Begin PBXContainerItemProxy section */
		565AFA81247B4C5F00FF5323 /* PBXContainerItemProxy */ = {
			isa = PBXContainerItemProxy;
			containerPortal = 565AFA62247B4C5E00FF5323 /* Project object */;
			proxyType = 1;
			remoteGlobalIDString = 565AFA69247B4C5E00FF5323;
			remoteInfo = TFY_MacModellFactory;
		};
		565AFA8C247B4C5F00FF5323 /* PBXContainerItemProxy */ = {
			isa = PBXContainerItemProxy;
			containerPortal = 565AFA62247B4C5E00FF5323 /* Project object */;
			proxyType = 1;
			remoteGlobalIDString = 565AFA69247B4C5E00FF5323;
			remoteInfo = TFY_MacModellFactory;
		};
/* End PBXContainerItemProxy section */

/* Begin PBXFileReference section */
		565AFA6A247B4C5E00FF5323 /* TFY_MacModellFactory.app */ = {isa = PBXFileReference; explicitFileType = wrapper.application; includeInIndex = 0; path = TFY_MacModellFactory.app; sourceTree = BUILT_PRODUCTS_DIR; };
		565AFA73247B4C5F00FF5323 /* Assets.xcassets */ = {isa = PBXFileReference; lastKnownFileType = folder.assetcatalog; path = Assets.xcassets; sourceTree = "<group>"; };
		565AFA78247B4C5F00FF5323 /* Info.plist */ = {isa = PBXFileReference; lastKnownFileType = text.plist.xml; path = Info.plist; sourceTree = "<group>"; };
		565AFA79247B4C5F00FF5323 /* main.m */ = {isa = PBXFileReference; lastKnownFileType = sourcecode.c.objc; path = main.m; sourceTree = "<group>"; };
		565AFA7B247B4C5F00FF5323 /* TFY_MacModellFactory.entitlements */ = {isa = PBXFileReference; lastKnownFileType = text.plist.entitlements; path = TFY_MacModellFactory.entitlements; sourceTree = "<group>"; };
		565AFA80247B4C5F00FF5323 /* TFY_MacModellFactoryTests.xctest */ = {isa = PBXFileReference; explicitFileType = wrapper.cfbundle; includeInIndex = 0; path = TFY_MacModellFactoryTests.xctest; sourceTree = BUILT_PRODUCTS_DIR; };
		565AFA84247B4C5F00FF5323 /* TFY_MacModellFactoryTests.m */ = {isa = PBXFileReference; lastKnownFileType = sourcecode.c.objc; path = TFY_MacModellFactoryTests.m; sourceTree = "<group>"; };
		565AFA86247B4C5F00FF5323 /* Info.plist */ = {isa = PBXFileReference; lastKnownFileType = text.plist.xml; path = Info.plist; sourceTree = "<group>"; };
		565AFA8B247B4C5F00FF5323 /* TFY_MacModellFactoryUITests.xctest */ = {isa = PBXFileReference; explicitFileType = wrapper.cfbundle; includeInIndex = 0; path = TFY_MacModellFactoryUITests.xctest; sourceTree = BUILT_PRODUCTS_DIR; };
		565AFA8F247B4C5F00FF5323 /* TFY_MacModellFactoryUITests.m */ = {isa = PBXFileReference; lastKnownFileType = sourcecode.c.objc; path = TFY_MacModellFactoryUITests.m; sourceTree = "<group>"; };
		565AFA91247B4C5F00FF5323 /* Info.plist */ = {isa = PBXFileReference; lastKnownFileType = text.plist.xml; path = Info.plist; sourceTree = "<group>"; };
		565AFA9D247B4CA000FF5323 /* Main.storyboard */ = {isa = PBXFileReference; fileEncoding = 4; lastKnownFileType = file.storyboard; path = Main.storyboard; sourceTree = "<group>"; };
		565AFAA0247B4D1C00FF5323 /* AppDelegate.h */ = {isa = PBXFileReference; fileEncoding = 4; lastKnownFileType = sourcecode.c.h; path = AppDelegate.h; sourceTree = "<group>"; };
		565AFAA1247B4D1C00FF5323 /* AppDelegate.m */ = {isa = PBXFileReference; fileEncoding = 4; lastKnownFileType = sourcecode.c.objc; path = AppDelegate.m; sourceTree = "<group>"; };
		565AFAA3247B4D1C00FF5323 /* ViewController.m */ = {isa = PBXFileReference; fileEncoding = 4; lastKnownFileType = sourcecode.c.objc; path = ViewController.m; sourceTree = "<group>"; };
		565AFAA4247B4D1C00FF5323 /* ViewController.h */ = {isa = PBXFileReference; fileEncoding = 4; lastKnownFileType = sourcecode.c.h; path = ViewController.h; sourceTree = "<group>"; };
		565AFAA6247B4D1C00FF5323 /* NSString+methods.m */ = {isa = PBXFileReference; fileEncoding = 4; lastKnownFileType = sourcecode.c.objc; path = "NSString+methods.m"; sourceTree = "<group>"; };
		565AFAA7247B4D1C00FF5323 /* TFY_CodeBuilder.m */ = {isa = PBXFileReference; fileEncoding = 4; lastKnownFileType = sourcecode.c.objc; path = TFY_CodeBuilder.m; sourceTree = "<group>"; };
		565AFAA8247B4D1C00FF5323 /* NSString+methods.h */ = {isa = PBXFileReference; fileEncoding = 4; lastKnownFileType = sourcecode.c.h; path = "NSString+methods.h"; sourceTree = "<group>"; };
		565AFAA9247B4D1C00FF5323 /* TFY_CodeBuilder.h */ = {isa = PBXFileReference; fileEncoding = 4; lastKnownFileType = sourcecode.c.h; path = TFY_CodeBuilder.h; sourceTree = "<group>"; };
/* End PBXFileReference section */

/* Begin PBXFrameworksBuildPhase section */
		565AFA67247B4C5E00FF5323 /* Frameworks */ = {
			isa = PBXFrameworksBuildPhase;
			buildActionMask = 2147483647;
			files = (
			);
			runOnlyForDeploymentPostprocessing = 0;
		};
		565AFA7D247B4C5F00FF5323 /* Frameworks */ = {
			isa = PBXFrameworksBuildPhase;
			buildActionMask = 2147483647;
			files = (
			);
			runOnlyForDeploymentPostprocessing = 0;
		};
		565AFA88247B4C5F00FF5323 /* Frameworks */ = {
			isa = PBXFrameworksBuildPhase;
			buildActionMask = 2147483647;
			files = (
			);
			runOnlyForDeploymentPostprocessing = 0;
		};
/* End PBXFrameworksBuildPhase section */

/* Begin PBXGroup section */
		565AFA61247B4C5E00FF5323 = {
			isa = PBXGroup;
			children = (
				565AFA6C247B4C5E00FF5323 /* TFY_MacModellFactory */,
				565AFA83247B4C5F00FF5323 /* TFY_MacModellFactoryTests */,
				565AFA8E247B4C5F00FF5323 /* TFY_MacModellFactoryUITests */,
				565AFA6B247B4C5E00FF5323 /* Products */,
			);
			sourceTree = "<group>";
		};
		565AFA6B247B4C5E00FF5323 /* Products */ = {
			isa = PBXGroup;
			children = (
				565AFA6A247B4C5E00FF5323 /* TFY_MacModellFactory.app */,
				565AFA80247B4C5F00FF5323 /* TFY_MacModellFactoryTests.xctest */,
				565AFA8B247B4C5F00FF5323 /* TFY_MacModellFactoryUITests.xctest */,
			);
			name = Products;
			sourceTree = "<group>";
		};
		565AFA6C247B4C5E00FF5323 /* TFY_MacModellFactory */ = {
			isa = PBXGroup;
			children = (
				565AFA9F247B4D1C00FF5323 /* AppDelegate */,
				565AFAA2247B4D1C00FF5323 /* Class */,
				565AFAA5247B4D1C00FF5323 /* ITools */,
				565AFA73247B4C5F00FF5323 /* Assets.xcassets */,
				565AFA9D247B4CA000FF5323 /* Main.storyboard */,
				565AFA78247B4C5F00FF5323 /* Info.plist */,
				565AFA79247B4C5F00FF5323 /* main.m */,
				565AFA7B247B4C5F00FF5323 /* TFY_MacModellFactory.entitlements */,
			);
			path = TFY_MacModellFactory;
			sourceTree = "<group>";
		};
		565AFA83247B4C5F00FF5323 /* TFY_MacModellFactoryTests */ = {
			isa = PBXGroup;
			children = (
				565AFA84247B4C5F00FF5323 /* TFY_MacModellFactoryTests.m */,
				565AFA86247B4C5F00FF5323 /* Info.plist */,
			);
			path = TFY_MacModellFactoryTests;
			sourceTree = "<group>";
		};
		565AFA8E247B4C5F00FF5323 /* TFY_MacModellFactoryUITests */ = {
			isa = PBXGroup;
			children = (
				565AFA8F247B4C5F00FF5323 /* TFY_MacModellFactoryUITests.m */,
				565AFA91247B4C5F00FF5323 /* Info.plist */,
			);
			path = TFY_MacModellFactoryUITests;
			sourceTree = "<group>";
		};
		565AFA9F247B4D1C00FF5323 /* AppDelegate */ = {
			isa = PBXGroup;
			children = (
				565AFAA0247B4D1C00FF5323 /* AppDelegate.h */,
				565AFAA1247B4D1C00FF5323 /* AppDelegate.m */,
			);
			path = AppDelegate;
			sourceTree = "<group>";
		};
		565AFAA2247B4D1C00FF5323 /* Class */ = {
			isa = PBXGroup;
			children = (
				565AFAA4247B4D1C00FF5323 /* ViewController.h */,
				565AFAA3247B4D1C00FF5323 /* ViewController.m */,
			);
			path = Class;
			sourceTree = "<group>";
		};
		565AFAA5247B4D1C00FF5323 /* ITools */ = {
			isa = PBXGroup;
			children = (
				565AFAA8247B4D1C00FF5323 /* NSString+methods.h */,
				565AFAA6247B4D1C00FF5323 /* NSString+methods.m */,
				565AFAA9247B4D1C00FF5323 /* TFY_CodeBuilder.h */,
				565AFAA7247B4D1C00FF5323 /* TFY_CodeBuilder.m */,
			);
			path = ITools;
			sourceTree = "<group>";
		};
/* End PBXGroup section */

/* Begin PBXNativeTarget section */
		565AFA69247B4C5E00FF5323 /* TFY_MacModellFactory */ = {
			isa = PBXNativeTarget;
			buildConfigurationList = 565AFA94247B4C5F00FF5323 /* Build configuration list for PBXNativeTarget "TFY_MacModellFactory" */;
			buildPhases = (
				565AFA66247B4C5E00FF5323 /* Sources */,
				565AFA67247B4C5E00FF5323 /* Frameworks */,
				565AFA68247B4C5E00FF5323 /* Resources */,
			);
			buildRules = (
			);
			dependencies = (
			);
			name = TFY_MacModellFactory;
			productName = TFY_MacModellFactory;
			productReference = 565AFA6A247B4C5E00FF5323 /* TFY_MacModellFactory.app */;
			productType = "com.apple.product-type.application";
		};
		565AFA7F247B4C5F00FF5323 /* TFY_MacModellFactoryTests */ = {
			isa = PBXNativeTarget;
			buildConfigurationList = 565AFA97247B4C5F00FF5323 /* Build configuration list for PBXNativeTarget "TFY_MacModellFactoryTests" */;
			buildPhases = (
				565AFA7C247B4C5F00FF5323 /* Sources */,
				565AFA7D247B4C5F00FF5323 /* Frameworks */,
				565AFA7E247B4C5F00FF5323 /* Resources */,
			);
			buildRules = (
			);
			dependencies = (
				565AFA82247B4C5F00FF5323 /* PBXTargetDependency */,
			);
			name = TFY_MacModellFactoryTests;
			productName = TFY_MacModellFactoryTests;
			productReference = 565AFA80247B4C5F00FF5323 /* TFY_MacModellFactoryTests.xctest */;
			productType = "com.apple.product-type.bundle.unit-test";
		};
		565AFA8A247B4C5F00FF5323 /* TFY_MacModellFactoryUITests */ = {
			isa = PBXNativeTarget;
			buildConfigurationList = 565AFA9A247B4C5F00FF5323 /* Build configuration list for PBXNativeTarget "TFY_MacModellFactoryUITests" */;
			buildPhases = (
				565AFA87247B4C5F00FF5323 /* Sources */,
				565AFA88247B4C5F00FF5323 /* Frameworks */,
				565AFA89247B4C5F00FF5323 /* Resources */,
			);
			buildRules = (
			);
			dependencies = (
				565AFA8D247B4C5F00FF5323 /* PBXTargetDependency */,
			);
			name = TFY_MacModellFactoryUITests;
			productName = TFY_MacModellFactoryUITests;
			productReference = 565AFA8B247B4C5F00FF5323 /* TFY_MacModellFactoryUITests.xctest */;
			productType = "com.apple.product-type.bundle.ui-testing";
		};
/* End PBXNativeTarget section */

/* Begin PBXProject section */
		565AFA62247B4C5E00FF5323 /* Project object */ = {
			isa = PBXProject;
			attributes = {
				LastUpgradeCheck = 1150;
				ORGANIZATIONNAME = "田风有";
				TargetAttributes = {
					565AFA69247B4C5E00FF5323 = {
						CreatedOnToolsVersion = 11.5;
					};
					565AFA7F247B4C5F00FF5323 = {
						CreatedOnToolsVersion = 11.5;
						TestTargetID = 565AFA69247B4C5E00FF5323;
					};
					565AFA8A247B4C5F00FF5323 = {
						CreatedOnToolsVersion = 11.5;
						TestTargetID = 565AFA69247B4C5E00FF5323;
					};
				};
			};
			buildConfigurationList = 565AFA65247B4C5E00FF5323 /* Build configuration list for PBXProject "TFY_MacModellFactory" */;
			compatibilityVersion = "Xcode 9.3";
			developmentRegion = en;
			hasScannedForEncodings = 0;
			knownRegions = (
				en,
				Base,
			);
			mainGroup = 565AFA61247B4C5E00FF5323;
			productRefGroup = 565AFA6B247B4C5E00FF5323 /* Products */;
			projectDirPath = "";
			projectRoot = "";
			targets = (
				565AFA69247B4C5E00FF5323 /* TFY_MacModellFactory */,
				565AFA7F247B4C5F00FF5323 /* TFY_MacModellFactoryTests */,
				565AFA8A247B4C5F00FF5323 /* TFY_MacModellFactoryUITests */,
			);
		};
/* End PBXProject section */

/* Begin PBXResourcesBuildPhase section */
		565AFA68247B4C5E00FF5323 /* Resources */ = {
			isa = PBXResourcesBuildPhase;
			buildActionMask = 2147483647;
			files = (
				565AFA74247B4C5F00FF5323 /* Assets.xcassets in Resources */,
				565AFA9E247B4CA000FF5323 /* Main.storyboard in Resources */,
			);
			runOnlyForDeploymentPostprocessing = 0;
		};
		565AFA7E247B4C5F00FF5323 /* Resources */ = {
			isa = PBXResourcesBuildPhase;
			buildActionMask = 2147483647;
			files = (
			);
			runOnlyForDeploymentPostprocessing = 0;
		};
		565AFA89247B4C5F00FF5323 /* Resources */ = {
			isa = PBXResourcesBuildPhase;
			buildActionMask = 2147483647;
			files = (
			);
			runOnlyForDeploymentPostprocessing = 0;
		};
/* End PBXResourcesBuildPhase section */

/* Begin PBXSourcesBuildPhase section */
		565AFA66247B4C5E00FF5323 /* Sources */ = {
			isa = PBXSourcesBuildPhase;
			buildActionMask = 2147483647;
			files = (
				565AFAAD247B4D1C00FF5323 /* TFY_CodeBuilder.m in Sources */,
				565AFAAC247B4D1C00FF5323 /* NSString+methods.m in Sources */,
				565AFAAB247B4D1C00FF5323 /* ViewController.m in Sources */,
				565AFAAA247B4D1C00FF5323 /* AppDelegate.m in Sources */,
				565AFA7A247B4C5F00FF5323 /* main.m in Sources */,
			);
			runOnlyForDeploymentPostprocessing = 0;
		};
		565AFA7C247B4C5F00FF5323 /* Sources */ = {
			isa = PBXSourcesBuildPhase;
			buildActionMask = 2147483647;
			files = (
				565AFA85247B4C5F00FF5323 /* TFY_MacModellFactoryTests.m in Sources */,
			);
			runOnlyForDeploymentPostprocessing = 0;
		};
		565AFA87247B4C5F00FF5323 /* Sources */ = {
			isa = PBXSourcesBuildPhase;
			buildActionMask = 2147483647;
			files = (
				565AFA90247B4C5F00FF5323 /* TFY_MacModellFactoryUITests.m in Sources */,
			);
			runOnlyForDeploymentPostprocessing = 0;
		};
/* End PBXSourcesBuildPhase section */

/* Begin PBXTargetDependency section */
		565AFA82247B4C5F00FF5323 /* PBXTargetDependency */ = {
			isa = PBXTargetDependency;
			target = 565AFA69247B4C5E00FF5323 /* TFY_MacModellFactory */;
			targetProxy = 565AFA81247B4C5F00FF5323 /* PBXContainerItemProxy */;
		};
		565AFA8D247B4C5F00FF5323 /* PBXTargetDependency */ = {
			isa = PBXTargetDependency;
			target = 565AFA69247B4C5E00FF5323 /* TFY_MacModellFactory */;
			targetProxy = 565AFA8C247B4C5F00FF5323 /* PBXContainerItemProxy */;
		};
/* End PBXTargetDependency section */

/* Begin XCBuildConfiguration section */
		565AFA92247B4C5F00FF5323 /* Debug */ = {
			isa = XCBuildConfiguration;
			buildSettings = {
				ALWAYS_SEARCH_USER_PATHS = NO;
				CLANG_ANALYZER_NONNULL = YES;
				CLANG_ANALYZER_NUMBER_OBJECT_CONVERSION = YES_AGGRESSIVE;
				CLANG_CXX_LANGUAGE_STANDARD = "gnu++14";
				CLANG_CXX_LIBRARY = "libc++";
				CLANG_ENABLE_MODULES = YES;
				CLANG_ENABLE_OBJC_ARC = YES;
				CLANG_ENABLE_OBJC_WEAK = YES;
				CLANG_WARN_BLOCK_CAPTURE_AUTORELEASING = YES;
				CLANG_WARN_BOOL_CONVERSION = YES;
				CLANG_WARN_COMMA = YES;
				CLANG_WARN_CONSTANT_CONVERSION = YES;
				CLANG_WARN_DEPRECATED_OBJC_IMPLEMENTATIONS = YES;
				CLANG_WARN_DIRECT_OBJC_ISA_USAGE = YES_ERROR;
				CLANG_WARN_DOCUMENTATION_COMMENTS = YES;
				CLANG_WARN_EMPTY_BODY = YES;
				CLANG_WARN_ENUM_CONVERSION = YES;
				CLANG_WARN_INFINITE_RECURSION = YES;
				CLANG_WARN_INT_CONVERSION = YES;
				CLANG_WARN_NON_LITERAL_NULL_CONVERSION = YES;
				CLANG_WARN_OBJC_IMPLICIT_RETAIN_SELF = YES;
				CLANG_WARN_OBJC_LITERAL_CONVERSION = YES;
				CLANG_WARN_OBJC_ROOT_CLASS = YES_ERROR;
				CLANG_WARN_RANGE_LOOP_ANALYSIS = YES;
				CLANG_WARN_STRICT_PROTOTYPES = YES;
				CLANG_WARN_SUSPICIOUS_MOVE = YES;
				CLANG_WARN_UNGUARDED_AVAILABILITY = YES_AGGRESSIVE;
				CLANG_WARN_UNREACHABLE_CODE = YES;
				CLANG_WARN__DUPLICATE_METHOD_MATCH = YES;
				COPY_PHASE_STRIP = NO;
				DEBUG_INFORMATION_FORMAT = dwarf;
				ENABLE_STRICT_OBJC_MSGSEND = YES;
				ENABLE_TESTABILITY = YES;
				GCC_C_LANGUAGE_STANDARD = gnu11;
				GCC_DYNAMIC_NO_PIC = NO;
				GCC_NO_COMMON_BLOCKS = YES;
				GCC_OPTIMIZATION_LEVEL = 0;
				GCC_PREPROCESSOR_DEFINITIONS = (
					"DEBUG=1",
					"$(inherited)",
				);
				GCC_WARN_64_TO_32_BIT_CONVERSION = YES;
				GCC_WARN_ABOUT_RETURN_TYPE = YES_ERROR;
				GCC_WARN_UNDECLARED_SELECTOR = YES;
				GCC_WARN_UNINITIALIZED_AUTOS = YES_AGGRESSIVE;
				GCC_WARN_UNUSED_FUNCTION = YES;
				GCC_WARN_UNUSED_VARIABLE = YES;
				MACOSX_DEPLOYMENT_TARGET = 11.1;
				MTL_ENABLE_DEBUG_INFO = INCLUDE_SOURCE;
				MTL_FAST_MATH = YES;
				ONLY_ACTIVE_ARCH = YES;
				SDKROOT = macosx;
			};
			name = Debug;
		};
		565AFA93247B4C5F00FF5323 /* Release */ = {
			isa = XCBuildConfiguration;
			buildSettings = {
				ALWAYS_SEARCH_USER_PATHS = NO;
				CLANG_ANALYZER_NONNULL = YES;
				CLANG_ANALYZER_NUMBER_OBJECT_CONVERSION = YES_AGGRESSIVE;
				CLANG_CXX_LANGUAGE_STANDARD = "gnu++14";
				CLANG_CXX_LIBRARY = "libc++";
				CLANG_ENABLE_MODULES = YES;
				CLANG_ENABLE_OBJC_ARC = YES;
				CLANG_ENABLE_OBJC_WEAK = YES;
				CLANG_WARN_BLOCK_CAPTURE_AUTORELEASING = YES;
				CLANG_WARN_BOOL_CONVERSION = YES;
				CLANG_WARN_COMMA = YES;
				CLANG_WARN_CONSTANT_CONVERSION = YES;
				CLANG_WARN_DEPRECATED_OBJC_IMPLEMENTATIONS = YES;
				CLANG_WARN_DIRECT_OBJC_ISA_USAGE = YES_ERROR;
				CLANG_WARN_DOCUMENTATION_COMMENTS = YES;
				CLANG_WARN_EMPTY_BODY = YES;
				CLANG_WARN_ENUM_CONVERSION = YES;
				CLANG_WARN_INFINITE_RECURSION = YES;
				CLANG_WARN_INT_CONVERSION = YES;
				CLANG_WARN_NON_LITERAL_NULL_CONVERSION = YES;
				CLANG_WARN_OBJC_IMPLICIT_RETAIN_SELF = YES;
				CLANG_WARN_OBJC_LITERAL_CONVERSION = YES;
				CLANG_WARN_OBJC_ROOT_CLASS = YES_ERROR;
				CLANG_WARN_RANGE_LOOP_ANALYSIS = YES;
				CLANG_WARN_STRICT_PROTOTYPES = YES;
				CLANG_WARN_SUSPICIOUS_MOVE = YES;
				CLANG_WARN_UNGUARDED_AVAILABILITY = YES_AGGRESSIVE;
				CLANG_WARN_UNREACHABLE_CODE = YES;
				CLANG_WARN__DUPLICATE_METHOD_MATCH = YES;
				COPY_PHASE_STRIP = NO;
				DEBUG_INFORMATION_FORMAT = "dwarf-with-dsym";
				ENABLE_NS_ASSERTIONS = NO;
				ENABLE_STRICT_OBJC_MSGSEND = YES;
				GCC_C_LANGUAGE_STANDARD = gnu11;
				GCC_NO_COMMON_BLOCKS = YES;
				GCC_WARN_64_TO_32_BIT_CONVERSION = YES;
				GCC_WARN_ABOUT_RETURN_TYPE = YES_ERROR;
				GCC_WARN_UNDECLARED_SELECTOR = YES;
				GCC_WARN_UNINITIALIZED_AUTOS = YES_AGGRESSIVE;
				GCC_WARN_UNUSED_FUNCTION = YES;
				GCC_WARN_UNUSED_VARIABLE = YES;
				MACOSX_DEPLOYMENT_TARGET = 11.1;
				MTL_ENABLE_DEBUG_INFO = NO;
				MTL_FAST_MATH = YES;
				SDKROOT = macosx;
			};
			name = Release;
		};
		565AFA95247B4C5F00FF5323 /* Debug */ = {
			isa = XCBuildConfiguration;
			buildSettings = {
				ASSETCATALOG_COMPILER_APPICON_NAME = AppIcon;
				CODE_SIGN_ENTITLEMENTS = TFY_MacModellFactory/TFY_MacModellFactory.entitlements;
				CODE_SIGN_STYLE = Automatic;
				COMBINE_HIDPI_IMAGES = YES;
				CURRENT_PROJECT_VERSION = 1.0.0;
				INFOPLIST_FILE = TFY_MacModellFactory/Info.plist;
				LD_RUNPATH_SEARCH_PATHS = (
					"$(inherited)",
					"@executable_path/../Frameworks",
				);
				MACOSX_DEPLOYMENT_TARGET = 10.10;
				MARKETING_VERSION = 1.0.0;
				PRODUCT_BUNDLE_IDENTIFIER = "com.youhone.TFY-MacModellFactory";
				PRODUCT_NAME = "$(TARGET_NAME)";
			};
			name = Debug;
		};
		565AFA96247B4C5F00FF5323 /* Release */ = {
			isa = XCBuildConfiguration;
			buildSettings = {
				ASSETCATALOG_COMPILER_APPICON_NAME = AppIcon;
				CODE_SIGN_ENTITLEMENTS = TFY_MacModellFactory/TFY_MacModellFactory.entitlements;
				CODE_SIGN_STYLE = Automatic;
				COMBINE_HIDPI_IMAGES = YES;
				CURRENT_PROJECT_VERSION = 1.0.0;
				INFOPLIST_FILE = TFY_MacModellFactory/Info.plist;
				LD_RUNPATH_SEARCH_PATHS = (
					"$(inherited)",
					"@executable_path/../Frameworks",
				);
				MACOSX_DEPLOYMENT_TARGET = 10.10;
				MARKETING_VERSION = 1.0.0;
				PRODUCT_BUNDLE_IDENTIFIER = "com.youhone.TFY-MacModellFactory";
				PRODUCT_NAME = "$(TARGET_NAME)";
			};
			name = Release;
		};
		565AFA98247B4C5F00FF5323 /* Debug */ = {
			isa = XCBuildConfiguration;
			buildSettings = {
				BUNDLE_LOADER = "$(TEST_HOST)";
				CODE_SIGN_STYLE = Automatic;
				COMBINE_HIDPI_IMAGES = YES;
				INFOPLIST_FILE = TFY_MacModellFactoryTests/Info.plist;
				LD_RUNPATH_SEARCH_PATHS = (
					"$(inherited)",
					"@executable_path/../Frameworks",
					"@loader_path/../Frameworks",
				);
				MACOSX_DEPLOYMENT_TARGET = 10.15;
				PRODUCT_BUNDLE_IDENTIFIER = "com.youhone.TFY-MacModellFactoryTests";
				PRODUCT_NAME = "$(TARGET_NAME)";
				TEST_HOST = "$(BUILT_PRODUCTS_DIR)/TFY_MacModellFactory.app/Contents/MacOS/TFY_MacModellFactory";
			};
			name = Debug;
		};
		565AFA99247B4C5F00FF5323 /* Release */ = {
			isa = XCBuildConfiguration;
			buildSettings = {
				BUNDLE_LOADER = "$(TEST_HOST)";
				CODE_SIGN_STYLE = Automatic;
				COMBINE_HIDPI_IMAGES = YES;
				INFOPLIST_FILE = TFY_MacModellFactoryTests/Info.plist;
				LD_RUNPATH_SEARCH_PATHS = (
					"$(inherited)",
					"@executable_path/../Frameworks",
					"@loader_path/../Frameworks",
				);
				MACOSX_DEPLOYMENT_TARGET = 10.15;
				PRODUCT_BUNDLE_IDENTIFIER = "com.youhone.TFY-MacModellFactoryTests";
				PRODUCT_NAME = "$(TARGET_NAME)";
				TEST_HOST = "$(BUILT_PRODUCTS_DIR)/TFY_MacModellFactory.app/Contents/MacOS/TFY_MacModellFactory";
			};
			name = Release;
		};
		565AFA9B247B4C5F00FF5323 /* Debug */ = {
			isa = XCBuildConfiguration;
			buildSettings = {
				CODE_SIGN_STYLE = Automatic;
				COMBINE_HIDPI_IMAGES = YES;
				INFOPLIST_FILE = TFY_MacModellFactoryUITests/Info.plist;
				LD_RUNPATH_SEARCH_PATHS = (
					"$(inherited)",
					"@executable_path/../Frameworks",
					"@loader_path/../Frameworks",
				);
				PRODUCT_BUNDLE_IDENTIFIER = "com.youhone.TFY-MacModellFactoryUITests";
				PRODUCT_NAME = "$(TARGET_NAME)";
				TEST_TARGET_NAME = TFY_MacModellFactory;
			};
			name = Debug;
		};
		565AFA9C247B4C5F00FF5323 /* Release */ = {
			isa = XCBuildConfiguration;
			buildSettings = {
				CODE_SIGN_STYLE = Automatic;
				COMBINE_HIDPI_IMAGES = YES;
				INFOPLIST_FILE = TFY_MacModellFactoryUITests/Info.plist;
				LD_RUNPATH_SEARCH_PATHS = (
					"$(inherited)",
					"@executable_path/../Frameworks",
					"@loader_path/../Frameworks",
				);
				PRODUCT_BUNDLE_IDENTIFIER = "com.youhone.TFY-MacModellFactoryUITests";
				PRODUCT_NAME = "$(TARGET_NAME)";
				TEST_TARGET_NAME = TFY_MacModellFactory;
			};
			name = Release;
		};
/* End XCBuildConfiguration section */

/* Begin XCConfigurationList section */
		565AFA65247B4C5E00FF5323 /* Build configuration list for PBXProject "TFY_MacModellFactory" */ = {
			isa = XCConfigurationList;
			buildConfigurations = (
				565AFA92247B4C5F00FF5323 /* Debug */,
				565AFA93247B4C5F00FF5323 /* Release */,
			);
			defaultConfigurationIsVisible = 0;
			defaultConfigurationName = Release;
		};
		565AFA94247B4C5F00FF5323 /* Build configuration list for PBXNativeTarget "TFY_MacModellFactory" */ = {
			isa = XCConfigurationList;
			buildConfigurations = (
				565AFA95247B4C5F00FF5323 /* Debug */,
				565AFA96247B4C5F00FF5323 /* Release */,
			);
			defaultConfigurationIsVisible = 0;
			defaultConfigurationName = Release;
		};
		565AFA97247B4C5F00FF5323 /* Build configuration list for PBXNativeTarget "TFY_MacModellFactoryTests" */ = {
			isa = XCConfigurationList;
			buildConfigurations = (
				565AFA98247B4C5F00FF5323 /* Debug */,
				565AFA99247B4C5F00FF5323 /* Release */,
			);
			defaultConfigurationIsVisible = 0;
			defaultConfigurationName = Release;
		};
		565AFA9A247B4C5F00FF5323 /* Build configuration list for PBXNativeTarget "TFY_MacModellFactoryUITests" */ = {
			isa = XCConfigurationList;
			buildConfigurations = (
				565AFA9B247B4C5F00FF5323 /* Debug */,
				565AFA9C247B4C5F00FF5323 /* Release */,
			);
			defaultConfigurationIsVisible = 0;
			defaultConfigurationName = Release;
		};
/* End XCConfigurationList section */
	};
	rootObject = 565AFA62247B4C5E00FF5323 /* Project object */;
}
